
Microsoft Visual Studio Solution File, Format Version 12.00
# Visual Studio Version 17
VisualStudioVersion = 17.0.31903.59
MinimumVisualStudioVersion = 10.0.40219.1
Project("{FAE04EC0-301F-11D3-BF4B-00C04F79EFBC}") = "ContactForm", "ContactForm\ContactForm.csproj", "{C9BD0D6A-0ACC-429D-B2B8-A209F511A2C3}"
EndProject
Global
	GlobalSection(SolutionConfigurationPlatforms) = preSolution
		Debug|Any CPU = Debug|Any CPU
		Release|Any CPU = Release|Any CPU
	EndGlobalSection
	GlobalSection(SolutionProperties) = preSolution
		HideSolutionNode = FALSE
	EndGlobalSection
	GlobalSection(ProjectConfigurationPlatforms) = postSolution
		{91F2C95D-682C-488D-AA92-5BC9C14C7277}.Debug|Any CPU.ActiveCfg = Debug|Any CPU
		{91F2C95D-682C-488D-AA92-5BC9C14C7277}.Debug|Any CPU.Build.0 = Debug|Any CPU
		{91F2C95D-682C-488D-AA92-5BC9C14C7277}.Release|Any CPU.ActiveCfg = Release|Any CPU
		{91F2C95D-682C-488D-AA92-5BC9C14C7277}.Release|Any CPU.Build.0 = Release|Any CPU
		{C9BD0D6A-0ACC-429D-B2B8-A209F511A2C3}.Debug|Any CPU.ActiveCfg = Debug|Any CPU
		{C9BD0D6A-0ACC-429D-B2B8-A209F511A2C3}.Debug|Any CPU.Build.0 = Debug|Any CPU
		{C9BD0D6A-0ACC-429D-B2B8-A209F511A2C3}.Release|Any CPU.ActiveCfg = Release|Any CPU
		{C9BD0D6A-0ACC-429D-B2B8-A209F511A2C3}.Release|Any CPU.Build.0 = Release|Any CPU
	EndGlobalSection
EndGlobal
